
Microsoft Visual Studio Solution File, Format Version 12.00
# Visual Studio Version 17
VisualStudioVersion = 17.7.34024.191
MinimumVisualStudioVersion = 10.0.40219.1
Project("{8BC9CEB8-8B4A-11D0-8D11-00A0C91BC942}") = "DiscordFileSplitter", "DiscordFileSplitter.vcxproj", "{DE3F1BDF-AFE9-4B1F-A501-0C1DB6F92FD7}"
EndProject
Global
	GlobalSection(SolutionConfigurationPlatforms) = preSolution
		Debug|x64 = Debug|x64
		Debug|x86 = Debug|x86
		Release|x64 = Release|x64
		Release|x86 = Release|x86
	EndGlobalSection
	GlobalSection(ProjectConfigurationPlatforms) = postSolution
		{DE3F1BDF-AFE9-4B1F-A501-0C1DB6F92FD7}.Debug|x64.ActiveCfg = Debug|x64
		{DE3F1BDF-AFE9-4B1F-A501-0C1DB6F92FD7}.Debug|x64.Build.0 = Debug|x64
		{DE3F1BDF-AFE9-4B1F-A501-0C1DB6F92FD7}.Debug|x86.ActiveCfg = Debug|Win32
		{DE3F1BDF-AFE9-4B1F-A501-0C1DB6F92FD7}.Debug|x86.Build.0 = Debug|Win32
		{DE3F1BDF-AFE9-4B1F-A501-0C1DB6F92FD7}.Release|x64.ActiveCfg = Release|x64
		{DE3F1BDF-AFE9-4B1F-A501-0C1DB6F92FD7}.Release|x64.Build.0 = Release|x64
		{DE3F1BDF-AFE9-4B1F-A501-0C1DB6F92FD7}.Release|x86.ActiveCfg = Release|Win32
		{DE3F1BDF-AFE9-4B1F-A501-0C1DB6F92FD7}.Release|x86.Build.0 = Release|Win32
	EndGlobalSection
	GlobalSection(SolutionProperties) = preSolution
		HideSolutionNode = FALSE
	EndGlobalSection
	GlobalSection(ExtensibilityGlobals) = postSolution
		SolutionGuid = {B4CB74C5-7C9A-45F0-93C6-B4DEF3DD7126}
	EndGlobalSection
EndGlobal
